
Microsoft Visual Studio Solution File, Format Version 12.00
# Visual Studio 15
VisualStudioVersion = 15.0.26730.8
MinimumVisualStudioVersion = 10.0.40219.1
Project("{9A19103F-16F7-4668-BE54-9A1E7A4F7556}") = "Exercise_1a_PrimeNumbers", "PrimeNumbers\Exercise_1a_PrimeNumbers.csproj", "{D23B482B-AF7E-4574-A6E1-DB219EB3BEE0}"
EndProject
Project("{FAE04EC0-301F-11D3-BF4B-00C04F79EFBC}") = "Exercise_1a_PrimeNumbers.Tests", "PrimeNumbers.Tests\Exercise_1a_PrimeNumbers.Tests.csproj", "{A09D8713-4A62-4677-B1C8-B218C5773EBA}"
EndProject
Global
	GlobalSection(SolutionConfigurationPlatforms) = preSolution
		Debug|Any CPU = Debug|Any CPU
		Release|Any CPU = Release|Any CPU
	EndGlobalSection
	GlobalSection(ProjectConfigurationPlatforms) = postSolution
		{D23B482B-AF7E-4574-A6E1-DB219EB3BEE0}.Debug|Any CPU.ActiveCfg = Debug|Any CPU
		{D23B482B-AF7E-4574-A6E1-DB219EB3BEE0}.Debug|Any CPU.Build.0 = Debug|Any CPU
		{D23B482B-AF7E-4574-A6E1-DB219EB3BEE0}.Release|Any CPU.ActiveCfg = Release|Any CPU
		{D23B482B-AF7E-4574-A6E1-DB219EB3BEE0}.Release|Any CPU.Build.0 = Release|Any CPU
		{A09D8713-4A62-4677-B1C8-B218C5773EBA}.Debug|Any CPU.ActiveCfg = Debug|Any CPU
		{A09D8713-4A62-4677-B1C8-B218C5773EBA}.Debug|Any CPU.Build.0 = Debug|Any CPU
		{A09D8713-4A62-4677-B1C8-B218C5773EBA}.Release|Any CPU.ActiveCfg = Release|Any CPU
		{A09D8713-4A62-4677-B1C8-B218C5773EBA}.Release|Any CPU.Build.0 = Release|Any CPU
	EndGlobalSection
	GlobalSection(SolutionProperties) = preSolution
		HideSolutionNode = FALSE
	EndGlobalSection
	GlobalSection(ExtensibilityGlobals) = postSolution
		SolutionGuid = {AAE06971-3958-467C-9E12-F757E1CC46A2}
	EndGlobalSection
EndGlobal
